
Microsoft Visual Studio Solution File, Format Version 12.00
Project("{FAE04EC0-301F-11D3-BF4B-00C04F79EFBC}") = "OrleansAsyncEnumExceptionRepro", "src\OrleansAsyncEnumExceptionRepro.csproj", "{F82D06A6-2737-484C-A074-8ECE6B6105A1}"
EndProject
Global
	GlobalSection(SolutionConfigurationPlatforms) = preSolution
		Debug|Any CPU = Debug|Any CPU
		Release|Any CPU = Release|Any CPU
	EndGlobalSection
	GlobalSection(ProjectConfigurationPlatforms) = postSolution
		{F82D06A6-2737-484C-A074-8ECE6B6105A1}.Debug|Any CPU.ActiveCfg = Debug|Any CPU
		{F82D06A6-2737-484C-A074-8ECE6B6105A1}.Debug|Any CPU.Build.0 = Debug|Any CPU
		{F82D06A6-2737-484C-A074-8ECE6B6105A1}.Release|Any CPU.ActiveCfg = Release|Any CPU
		{F82D06A6-2737-484C-A074-8ECE6B6105A1}.Release|Any CPU.Build.0 = Release|Any CPU
	EndGlobalSection
EndGlobal
